
Microsoft Visual Studio Solution File, Format Version 12.00
# Visual Studio Version 17
VisualStudioVersion = 17.12.35707.178 d17.12
MinimumVisualStudioVersion = 10.0.40219.1
Project("{FAE04EC0-301F-11D3-BF4B-00C04F79EFBC}") = "medical-records-management-system_winforms", "medical-records-management-system_winforms.csproj", "{4CB9F378-69F2-4FBA-BB55-EB6894CC2265}"
EndProject
Project("{FAE04EC0-301F-11D3-BF4B-00C04F79EFBC}") = "medical-records-management-system_server", "..\medical-records-management-system_server\medical-records-management-system_server.csproj", "{F7CF2024-7B26-48FF-A61B-EDEF8FE44705}"
EndProject
Global
	GlobalSection(SolutionConfigurationPlatforms) = preSolution
		Debug|Any CPU = Debug|Any CPU
		Release|Any CPU = Release|Any CPU
	EndGlobalSection
	GlobalSection(ProjectConfigurationPlatforms) = postSolution
		{4CB9F378-69F2-4FBA-BB55-EB6894CC2265}.Debug|Any CPU.ActiveCfg = Debug|Any CPU
		{4CB9F378-69F2-4FBA-BB55-EB6894CC2265}.Debug|Any CPU.Build.0 = Debug|Any CPU
		{4CB9F378-69F2-4FBA-BB55-EB6894CC2265}.Release|Any CPU.ActiveCfg = Release|Any CPU
		{4CB9F378-69F2-4FBA-BB55-EB6894CC2265}.Release|Any CPU.Build.0 = Release|Any CPU
		{F7CF2024-7B26-48FF-A61B-EDEF8FE44705}.Debug|Any CPU.ActiveCfg = Debug|Any CPU
		{F7CF2024-7B26-48FF-A61B-EDEF8FE44705}.Debug|Any CPU.Build.0 = Debug|Any CPU
		{F7CF2024-7B26-48FF-A61B-EDEF8FE44705}.Release|Any CPU.ActiveCfg = Release|Any CPU
		{F7CF2024-7B26-48FF-A61B-EDEF8FE44705}.Release|Any CPU.Build.0 = Release|Any CPU
	EndGlobalSection
	GlobalSection(SolutionProperties) = preSolution
		HideSolutionNode = FALSE
	EndGlobalSection
EndGlobal
